// !$*UTF8*$!
{
	archiveVersion = 1;
	classes = {
	};
	objectVersion = 46;
	objects = {

/* Begin PBXBuildFile section */
		AB08F9C71C19218200D7BE9F /* PhotoTableViewCell.swift in Sources */ = {isa = PBXBuildFile; fileRef = AB08F9C51C19218200D7BE9F /* PhotoTableViewCell.swift */; };
		AB5CB6781C0EC50D006BF3D2 /* AppDelegate.swift in Sources */ = {isa = PBXBuildFile; fileRef = AB5CB6771C0EC50D006BF3D2 /* AppDelegate.swift */; };
		AB5CB67A1C0EC50D006BF3D2 /* ViewController.swift in Sources */ = {isa = PBXBuildFile; fileRef = AB5CB6791C0EC50D006BF3D2 /* ViewController.swift */; };
		AB5CB67D1C0EC50D006BF3D2 /* Main.storyboard in Resources */ = {isa = PBXBuildFile; fileRef = AB5CB67B1C0EC50D006BF3D2 /* Main.storyboard */; };
		AB5CB6801C0EC50D006BF3D2 /* swiftDemo.xcdatamodeld in Sources */ = {isa = PBXBuildFile; fileRef = AB5CB67E1C0EC50D006BF3D2 /* swiftDemo.xcdatamodeld */; };
		AB5CB6821C0EC50D006BF3D2 /* Assets.xcassets in Resources */ = {isa = PBXBuildFile; fileRef = AB5CB6811C0EC50D006BF3D2 /* Assets.xcassets */; };
		AB5CB6851C0EC50D006BF3D2 /* LaunchScreen.storyboard in Resources */ = {isa = PBXBuildFile; fileRef = AB5CB6831C0EC50D006BF3D2 /* LaunchScreen.storyboard */; };
		AB5CB6901C0EC50D006BF3D2 /* swiftDemoTests.swift in Sources */ = {isa = PBXBuildFile; fileRef = AB5CB68F1C0EC50D006BF3D2 /* swiftDemoTests.swift */; };
		AB5CB69B1C0EC50D006BF3D2 /* swiftDemoUITests.swift in Sources */ = {isa = PBXBuildFile; fileRef = AB5CB69A1C0EC50D006BF3D2 /* swiftDemoUITests.swift */; };
		AB5CB6AB1C0ECDFA006BF3D2 /* Macro.swift in Sources */ = {isa = PBXBuildFile; fileRef = AB5CB6AA1C0ECDFA006BF3D2 /* Macro.swift */; };
		AB5CB6AD1C0EF2DC006BF3D2 /* DetailViewController.swift in Sources */ = {isa = PBXBuildFile; fileRef = AB5CB6AC1C0EF2DC006BF3D2 /* DetailViewController.swift */; };
		AB8AB7D11C15583E00BE110E /* SignupViewController.swift in Sources */ = {isa = PBXBuildFile; fileRef = AB8AB7D01C15583E00BE110E /* SignupViewController.swift */; };
		AB8AB7D31C155F0400BE110E /* AuthcodeView.swift in Sources */ = {isa = PBXBuildFile; fileRef = AB8AB7D21C155F0400BE110E /* AuthcodeView.swift */; };
/* End PBXBuildFile section */

/* Begin PBXContainerItemProxy section */
		AB5CB68C1C0EC50D006BF3D2 /* PBXContainerItemProxy */ = {
			isa = PBXContainerItemProxy;
			containerPortal = AB5CB66C1C0EC50D006BF3D2 /* Project object */;
			proxyType = 1;
			remoteGlobalIDString = AB5CB6731C0EC50D006BF3D2;
			remoteInfo = swiftDemo;
		};
		AB5CB6971C0EC50D006BF3D2 /* PBXContainerItemProxy */ = {
			isa = PBXContainerItemProxy;
			containerPortal = AB5CB66C1C0EC50D006BF3D2 /* Project object */;
			proxyType = 1;
			remoteGlobalIDString = AB5CB6731C0EC50D006BF3D2;
			remoteInfo = swiftDemo;
		};
/* End PBXContainerItemProxy section */

/* Begin PBXFileReference section */
		AB08F9C51C19218200D7BE9F /* PhotoTableViewCell.swift */ = {isa = PBXFileReference; fileEncoding = 4; lastKnownFileType = sourcecode.swift; path = PhotoTableViewCell.swift; sourceTree = "<group>"; };
		AB5CB6741C0EC50D006BF3D2 /* swiftDemo.app */ = {isa = PBXFileReference; explicitFileType = wrapper.application; includeInIndex = 0; path = swiftDemo.app; sourceTree = BUILT_PRODUCTS_DIR; };
		AB5CB6771C0EC50D006BF3D2 /* AppDelegate.swift */ = {isa = PBXFileReference; lastKnownFileType = sourcecode.swift; path = AppDelegate.swift; sourceTree = "<group>"; };
		AB5CB6791C0EC50D006BF3D2 /* ViewController.swift */ = {isa = PBXFileReference; lastKnownFileType = sourcecode.swift; path = ViewController.swift; sourceTree = "<group>"; };
		AB5CB67C1C0EC50D006BF3D2 /* Base */ = {isa = PBXFileReference; lastKnownFileType = file.storyboard; name = Base; path = Base.lproj/Main.storyboard; sourceTree = "<group>"; };
		AB5CB67F1C0EC50D006BF3D2 /* swiftDemo.xcdatamodel */ = {isa = PBXFileReference; lastKnownFileType = wrapper.xcdatamodel; path = swiftDemo.xcdatamodel; sourceTree = "<group>"; };
		AB5CB6811C0EC50D006BF3D2 /* Assets.xcassets */ = {isa = PBXFileReference; lastKnownFileType = folder.assetcatalog; path = Assets.xcassets; sourceTree = "<group>"; };
		AB5CB6841C0EC50D006BF3D2 /* Base */ = {isa = PBXFileReference; lastKnownFileType = file.storyboard; name = Base; path = Base.lproj/LaunchScreen.storyboard; sourceTree = "<group>"; };
		AB5CB6861C0EC50D006BF3D2 /* Info.plist */ = {isa = PBXFileReference; lastKnownFileType = text.plist.xml; path = Info.plist; sourceTree = "<group>"; };
		AB5CB68B1C0EC50D006BF3D2 /* swiftDemoTests.xctest */ = {isa = PBXFileReference; explicitFileType = wrapper.cfbundle; includeInIndex = 0; path = swiftDemoTests.xctest; sourceTree = BUILT_PRODUCTS_DIR; };
		AB5CB68F1C0EC50D006BF3D2 /* swiftDemoTests.swift */ = {isa = PBXFileReference; lastKnownFileType = sourcecode.swift; path = swiftDemoTests.swift; sourceTree = "<group>"; };
		AB5CB6911C0EC50D006BF3D2 /* Info.plist */ = {isa = PBXFileReference; lastKnownFileType = text.plist.xml; path = Info.plist; sourceTree = "<group>"; };
		AB5CB6961C0EC50D006BF3D2 /* swiftDemoUITests.xctest */ = {isa = PBXFileReference; explicitFileType = wrapper.cfbundle; includeInIndex = 0; path = swiftDemoUITests.xctest; sourceTree = BUILT_PRODUCTS_DIR; };
		AB5CB69A1C0EC50D006BF3D2 /* swiftDemoUITests.swift */ = {isa = PBXFileReference; lastKnownFileType = sourcecode.swift; path = swiftDemoUITests.swift; sourceTree = "<group>"; };
		AB5CB69C1C0EC50D006BF3D2 /* Info.plist */ = {isa = PBXFileReference; lastKnownFileType = text.plist.xml; path = Info.plist; sourceTree = "<group>"; };
		AB5CB6AA1C0ECDFA006BF3D2 /* Macro.swift */ = {isa = PBXFileReference; fileEncoding = 4; lastKnownFileType = sourcecode.swift; path = Macro.swift; sourceTree = "<group>"; };
		AB5CB6AC1C0EF2DC006BF3D2 /* DetailViewController.swift */ = {isa = PBXFileReference; fileEncoding = 4; lastKnownFileType = sourcecode.swift; path = DetailViewController.swift; sourceTree = "<group>"; };
		AB8AB7D01C15583E00BE110E /* SignupViewController.swift */ = {isa = PBXFileReference; fileEncoding = 4; lastKnownFileType = sourcecode.swift; path = SignupViewController.swift; sourceTree = "<group>"; };
		AB8AB7D21C155F0400BE110E /* AuthcodeView.swift */ = {isa = PBXFileReference; fileEncoding = 4; lastKnownFileType = sourcecode.swift; path = AuthcodeView.swift; sourceTree = "<group>"; };
/* End PBXFileReference section */

/* Begin PBXFrameworksBuildPhase section */
		AB5CB6711C0EC50D006BF3D2 /* Frameworks */ = {
			isa = PBXFrameworksBuildPhase;
			buildActionMask = 2147483647;
			files = (
			);
			runOnlyForDeploymentPostprocessing = 0;
		};
		AB5CB6881C0EC50D006BF3D2 /* Frameworks */ = {
			isa = PBXFrameworksBuildPhase;
			buildActionMask = 2147483647;
			files = (
			);
			runOnlyForDeploymentPostprocessing = 0;
		};
		AB5CB6931C0EC50D006BF3D2 /* Frameworks */ = {
			isa = PBXFrameworksBuildPhase;
			buildActionMask = 2147483647;
			files = (
			);
			runOnlyForDeploymentPostprocessing = 0;
		};
/* End PBXFrameworksBuildPhase section */

/* Begin PBXGroup section */
		AB5CB66B1C0EC50D006BF3D2 = {
			isa = PBXGroup;
			children = (
				AB5CB6761C0EC50D006BF3D2 /* swiftDemo */,
				AB5CB68E1C0EC50D006BF3D2 /* swiftDemoTests */,
				AB5CB6991C0EC50D006BF3D2 /* swiftDemoUITests */,
				AB5CB6751C0EC50D006BF3D2 /* Products */,
			);
			sourceTree = "<group>";
		};
		AB5CB6751C0EC50D006BF3D2 /* Products */ = {
			isa = PBXGroup;
			children = (
				AB5CB6741C0EC50D006BF3D2 /* swiftDemo.app */,
				AB5CB68B1C0EC50D006BF3D2 /* swiftDemoTests.xctest */,
				AB5CB6961C0EC50D006BF3D2 /* swiftDemoUITests.xctest */,
			);
			name = Products;
			sourceTree = "<group>";
		};
		AB5CB6761C0EC50D006BF3D2 /* swiftDemo */ = {
			isa = PBXGroup;
			children = (
				AB5CB6771C0EC50D006BF3D2 /* AppDelegate.swift */,
				AB5CB6791C0EC50D006BF3D2 /* ViewController.swift */,
				AB8AB7D01C15583E00BE110E /* SignupViewController.swift */,
				AB8AB7D21C155F0400BE110E /* AuthcodeView.swift */,
				AB5CB6AC1C0EF2DC006BF3D2 /* DetailViewController.swift */,
				AB08F9C51C19218200D7BE9F /* PhotoTableViewCell.swift */,
				AB5CB6AA1C0ECDFA006BF3D2 /* Macro.swift */,
				AB5CB67B1C0EC50D006BF3D2 /* Main.storyboard */,
				AB5CB6811C0EC50D006BF3D2 /* Assets.xcassets */,
				AB5CB6831C0EC50D006BF3D2 /* LaunchScreen.storyboard */,
				AB5CB6861C0EC50D006BF3D2 /* Info.plist */,
				AB5CB67E1C0EC50D006BF3D2 /* swiftDemo.xcdatamodeld */,
			);
			path = swiftDemo;
			sourceTree = "<group>";
		};
		AB5CB68E1C0EC50D006BF3D2 /* swiftDemoTests */ = {
			isa = PBXGroup;
			children = (
				AB5CB68F1C0EC50D006BF3D2 /* swiftDemoTests.swift */,
				AB5CB6911C0EC50D006BF3D2 /* Info.plist */,
			);
			path = swiftDemoTests;
			sourceTree = "<group>";
		};
		AB5CB6991C0EC50D006BF3D2 /* swiftDemoUITests */ = {
			isa = PBXGroup;
			children = (
				AB5CB69A1C0EC50D006BF3D2 /* swiftDemoUITests.swift */,
				AB5CB69C1C0EC50D006BF3D2 /* Info.plist */,
			);
			path = swiftDemoUITests;
			sourceTree = "<group>";
		};
/* End PBXGroup section */

/* Begin PBXNativeTarget section */
		AB5CB6731C0EC50D006BF3D2 /* swiftDemo */ = {
			isa = PBXNativeTarget;
			buildConfigurationList = AB5CB69F1C0EC50D006BF3D2 /* Build configuration list for PBXNativeTarget "swiftDemo" */;
			buildPhases = (
				AB5CB6701C0EC50D006BF3D2 /* Sources */,
				AB5CB6711C0EC50D006BF3D2 /* Frameworks */,
				AB5CB6721C0EC50D006BF3D2 /* Resources */,
			);
			buildRules = (
			);
			dependencies = (
			);
			name = swiftDemo;
			productName = swiftDemo;
			productReference = AB5CB6741C0EC50D006BF3D2 /* swiftDemo.app */;
			productType = "com.apple.product-type.application";
		};
		AB5CB68A1C0EC50D006BF3D2 /* swiftDemoTests */ = {
			isa = PBXNativeTarget;
			buildConfigurationList = AB5CB6A21C0EC50D006BF3D2 /* Build configuration list for PBXNativeTarget "swiftDemoTests" */;
			buildPhases = (
				AB5CB6871C0EC50D006BF3D2 /* Sources */,
				AB5CB6881C0EC50D006BF3D2 /* Frameworks */,
				AB5CB6891C0EC50D006BF3D2 /* Resources */,
			);
			buildRules = (
			);
			dependencies = (
				AB5CB68D1C0EC50D006BF3D2 /* PBXTargetDependency */,
			);
			name = swiftDemoTests;
			productName = swiftDemoTests;
			productReference = AB5CB68B1C0EC50D006BF3D2 /* swiftDemoTests.xctest */;
			productType = "com.apple.product-type.bundle.unit-test";
		};
		AB5CB6951C0EC50D006BF3D2 /* swiftDemoUITests */ = {
			isa = PBXNativeTarget;
			buildConfigurationList = AB5CB6A51C0EC50D006BF3D2 /* Build configuration list for PBXNativeTarget "swiftDemoUITests" */;
			buildPhases = (
				AB5CB6921C0EC50D006BF3D2 /* Sources */,
				AB5CB6931C0EC50D006BF3D2 /* Frameworks */,
				AB5CB6941C0EC50D006BF3D2 /* Resources */,
			);
			buildRules = (
			);
			dependencies = (
				AB5CB6981C0EC50D006BF3D2 /* PBXTargetDependency */,
			);
			name = swiftDemoUITests;
			productName = swiftDemoUITests;
			productReference = AB5CB6961C0EC50D006BF3D2 /* swiftDemoUITests.xctest */;
			productType = "com.apple.product-type.bundle.ui-testing";
		};
/* End PBXNativeTarget section */

/* Begin PBXProject section */
		AB5CB66C1C0EC50D006BF3D2 /* Project object */ = {
			isa = PBXProject;
			attributes = {
				LastSwiftUpdateCheck = 0710;
				LastUpgradeCheck = 0710;
				ORGANIZATIONNAME = LinfangTu;
				TargetAttributes = {
					AB5CB6731C0EC50D006BF3D2 = {
						CreatedOnToolsVersion = 7.1.1;
					};
					AB5CB68A1C0EC50D006BF3D2 = {
						CreatedOnToolsVersion = 7.1.1;
						TestTargetID = AB5CB6731C0EC50D006BF3D2;
					};
					AB5CB6951C0EC50D006BF3D2 = {
						CreatedOnToolsVersion = 7.1.1;
						TestTargetID = AB5CB6731C0EC50D006BF3D2;
					};
				};
			};
			buildConfigurationList = AB5CB66F1C0EC50D006BF3D2 /* Build configuration list for PBXProject "swiftDemo" */;
			compatibilityVersion = "Xcode 3.2";
			developmentRegion = English;
			hasScannedForEncodings = 0;
			knownRegions = (
				en,
				Base,
			);
			mainGroup = AB5CB66B1C0EC50D006BF3D2;
			productRefGroup = AB5CB6751C0EC50D006BF3D2 /* Products */;
			projectDirPath = "";
			projectRoot = "";
			targets = (
				AB5CB6731C0EC50D006BF3D2 /* swiftDemo */,
				AB5CB68A1C0EC50D006BF3D2 /* swiftDemoTests */,
				AB5CB6951C0EC50D006BF3D2 /* swiftDemoUITests */,
			);
		};
/* End PBXProject section */

/* Begin PBXResourcesBuildPhase section */
		AB5CB6721C0EC50D006BF3D2 /* Resources */ = {
			isa = PBXResourcesBuildPhase;
			buildActionMask = 2147483647;
			files = (
				AB5CB6851C0EC50D006BF3D2 /* LaunchScreen.storyboard in Resources */,
				AB5CB6821C0EC50D006BF3D2 /* Assets.xcassets in Resources */,
				AB5CB67D1C0EC50D006BF3D2 /* Main.storyboard in Resources */,
			);
			runOnlyForDeploymentPostprocessing = 0;
		};
		AB5CB6891C0EC50D006BF3D2 /* Resources */ = {
			isa = PBXResourcesBuildPhase;
			buildActionMask = 2147483647;
			files = (
			);
			runOnlyForDeploymentPostprocessing = 0;
		};
		AB5CB6941C0EC50D006BF3D2 /* Resources */ = {
			isa = PBXResourcesBuildPhase;
			buildActionMask = 2147483647;
			files = (
			);
			runOnlyForDeploymentPostprocessing = 0;
		};
/* End PBXResourcesBuildPhase section */

/* Begin PBXSourcesBuildPhase section */
		AB5CB6701C0EC50D006BF3D2 /* Sources */ = {
			isa = PBXSourcesBuildPhase;
			buildActionMask = 2147483647;
			files = (
				AB08F9C71C19218200D7BE9F /* PhotoTableViewCell.swift in Sources */,
				AB8AB7D11C15583E00BE110E /* SignupViewController.swift in Sources */,
				AB5CB6AB1C0ECDFA006BF3D2 /* Macro.swift in Sources */,
				AB5CB67A1C0EC50D006BF3D2 /* ViewController.swift in Sources */,
				AB5CB6AD1C0EF2DC006BF3D2 /* DetailViewController.swift in Sources */,
				AB5CB6781C0EC50D006BF3D2 /* AppDelegate.swift in Sources */,
				AB5CB6801C0EC50D006BF3D2 /* swiftDemo.xcdatamodeld in Sources */,
				AB8AB7D31C155F0400BE110E /* AuthcodeView.swift in Sources */,
			);
			runOnlyForDeploymentPostprocessing = 0;
		};
		AB5CB6871C0EC50D006BF3D2 /* Sources */ = {
			isa = PBXSourcesBuildPhase;
			buildActionMask = 2147483647;
			files = (
				AB5CB6901C0EC50D006BF3D2 /* swiftDemoTests.swift in Sources */,
			);
			runOnlyForDeploymentPostprocessing = 0;
		};
		AB5CB6921C0EC50D006BF3D2 /* Sources */ = {
			isa = PBXSourcesBuildPhase;
			buildActionMask = 2147483647;
			files = (
				AB5CB69B1C0EC50D006BF3D2 /* swiftDemoUITests.swift in Sources */,
			);
			runOnlyForDeploymentPostprocessing = 0;
		};
/* End PBXSourcesBuildPhase section */

/* Begin PBXTargetDependency section */
		AB5CB68D1C0EC50D006BF3D2 /* PBXTargetDependency */ = {
			isa = PBXTargetDependency;
			target = AB5CB6731C0EC50D006BF3D2 /* swiftDemo */;
			targetProxy = AB5CB68C1C0EC50D006BF3D2 /* PBXContainerItemProxy */;
		};
		AB5CB6981C0EC50D006BF3D2 /* PBXTargetDependency */ = {
			isa = PBXTargetDependency;
			target = AB5CB6731C0EC50D006BF3D2 /* swiftDemo */;
			targetProxy = AB5CB6971C0EC50D006BF3D2 /* PBXContainerItemProxy */;
		};
/* End PBXTargetDependency section */

/* Begin PBXVariantGroup section */
		AB5CB67B1C0EC50D006BF3D2 /* Main.storyboard */ = {
			isa = PBXVariantGroup;
			children = (
				AB5CB67C1C0EC50D006BF3D2 /* Base */,
			);
			name = Main.storyboard;
			sourceTree = "<group>";
		};
		AB5CB6831C0EC50D006BF3D2 /* LaunchScreen.storyboard */ = {
			isa = PBXVariantGroup;
			children = (
				AB5CB6841C0EC50D006BF3D2 /* Base */,
			);
			name = LaunchScreen.storyboard;
			sourceTree = "<group>";
		};
/* End PBXVariantGroup section */

/* Begin XCBuildConfiguration section */
		AB5CB69D1C0EC50D006BF3D2 /* Debug */ = {
			isa = XCBuildConfiguration;
			buildSettings = {
				ALWAYS_SEARCH_USER_PATHS = NO;
				CLANG_CXX_LANGUAGE_STANDARD = "gnu++0x";
				CLANG_CXX_LIBRARY = "libc++";
				CLANG_ENABLE_MODULES = YES;
				CLANG_ENABLE_OBJC_ARC = YES;
				CLANG_WARN_BOOL_CONVERSION = YES;
				CLANG_WARN_CONSTANT_CONVERSION = YES;
				CLANG_WARN_DIRECT_OBJC_ISA_USAGE = YES_ERROR;
				CLANG_WARN_EMPTY_BODY = YES;
				CLANG_WARN_ENUM_CONVERSION = YES;
				CLANG_WARN_INT_CONVERSION = YES;
				CLANG_WARN_OBJC_ROOT_CLASS = YES_ERROR;
				CLANG_WARN_UNREACHABLE_CODE = YES;
				CLANG_WARN__DUPLICATE_METHOD_MATCH = YES;
				"CODE_SIGN_IDENTITY[sdk=iphoneos*]" = "iPhone Developer";
				COPY_PHASE_STRIP = NO;
				DEBUG_INFORMATION_FORMAT = dwarf;
				ENABLE_STRICT_OBJC_MSGSEND = YES;
				ENABLE_TESTABILITY = YES;
				GCC_C_LANGUAGE_STANDARD = gnu99;
				GCC_DYNAMIC_NO_PIC = NO;
				GCC_NO_COMMON_BLOCKS = YES;
				GCC_OPTIMIZATION_LEVEL = 0;
				GCC_PREPROCESSOR_DEFINITIONS = (
					"DEBUG=1",
					"$(inherited)",
				);
				GCC_WARN_64_TO_32_BIT_CONVERSION = YES;
				GCC_WARN_ABOUT_RETURN_TYPE = YES_ERROR;
				GCC_WARN_UNDECLARED_SELECTOR = YES;
				GCC_WARN_UNINITIALIZED_AUTOS = YES_AGGRESSIVE;
				GCC_WARN_UNUSED_FUNCTION = YES;
				GCC_WARN_UNUSED_VARIABLE = YES;
				IPHONEOS_DEPLOYMENT_TARGET = 9.1;
				MTL_ENABLE_DEBUG_INFO = YES;
				ONLY_ACTIVE_ARCH = YES;
				SDKROOT = iphoneos;
				SWIFT_OPTIMIZATION_LEVEL = "-Onone";
			};
			name = Debug;
		};
		AB5CB69E1C0EC50D006BF3D2 /* Release */ = {
			isa = XCBuildConfiguration;
			buildSettings = {
				ALWAYS_SEARCH_USER_PATHS = NO;
				CLANG_CXX_LANGUAGE_STANDARD = "gnu++0x";
				CLANG_CXX_LIBRARY = "libc++";
				CLANG_ENABLE_MODULES = YES;
				CLANG_ENABLE_OBJC_ARC = YES;
				CLANG_WARN_BOOL_CONVERSION = YES;
				CLANG_WARN_CONSTANT_CONVERSION = YES;
				CLANG_WARN_DIRECT_OBJC_ISA_USAGE = YES_ERROR;
				CLANG_WARN_EMPTY_BODY = YES;
				CLANG_WARN_ENUM_CONVERSION = YES;
				CLANG_WARN_INT_CONVERSION = YES;
				CLANG_WARN_OBJC_ROOT_CLASS = YES_ERROR;
				CLANG_WARN_UNREACHABLE_CODE = YES;
				CLANG_WARN__DUPLICATE_METHOD_MATCH = YES;
				"CODE_SIGN_IDENTITY[sdk=iphoneos*]" = "iPhone Developer";
				COPY_PHASE_STRIP = NO;
				DEBUG_INFORMATION_FORMAT = "dwarf-with-dsym";
				ENABLE_NS_ASSERTIONS = NO;
				ENABLE_STRICT_OBJC_MSGSEND = YES;
				GCC_C_LANGUAGE_STANDARD = gnu99;
				GCC_NO_COMMON_BLOCKS = YES;
				GCC_WARN_64_TO_32_BIT_CONVERSION = YES;
				GCC_WARN_ABOUT_RETURN_TYPE = YES_ERROR;
				GCC_WARN_UNDECLARED_SELECTOR = YES;
				GCC_WARN_UNINITIALIZED_AUTOS = YES_AGGRESSIVE;
				GCC_WARN_UNUSED_FUNCTION = YES;
				GCC_WARN_UNUSED_VARIABLE = YES;
				IPHONEOS_DEPLOYMENT_TARGET = 9.1;
				MTL_ENABLE_DEBUG_INFO = NO;
				SDKROOT = iphoneos;
				VALIDATE_PRODUCT = YES;
			};
			name = Release;
		};
		AB5CB6A01C0EC50D006BF3D2 /* Debug */ = {
			isa = XCBuildConfiguration;
			buildSettings = {
				ASSETCATALOG_COMPILER_APPICON_NAME = AppIcon;
				INFOPLIST_FILE = swiftDemo/Info.plist;
				LD_RUNPATH_SEARCH_PATHS = "$(inherited) @executable_path/Frameworks";
				PRODUCT_BUNDLE_IDENTIFIER = com.demo.swiftDemo;
				PRODUCT_NAME = "$(TARGET_NAME)";
			};
			name = Debug;
		};
		AB5CB6A11C0EC50D006BF3D2 /* Release */ = {
			isa = XCBuildConfiguration;
			buildSettings = {
				ASSETCATALOG_COMPILER_APPICON_NAME = AppIcon;
				INFOPLIST_FILE = swiftDemo/Info.plist;
				LD_RUNPATH_SEARCH_PATHS = "$(inherited) @executable_path/Frameworks";
				PRODUCT_BUNDLE_IDENTIFIER = com.demo.swiftDemo;
				PRODUCT_NAME = "$(TARGET_NAME)";
			};
			name = Release;
		};
		AB5CB6A31C0EC50D006BF3D2 /* Debug */ = {
			isa = XCBuildConfiguration;
			buildSettings = {
				BUNDLE_LOADER = "$(TEST_HOST)";
				INFOPLIST_FILE = swiftDemoTests/Info.plist;
				LD_RUNPATH_SEARCH_PATHS = "$(inherited) @executable_path/Frameworks @loader_path/Frameworks";
				PRODUCT_BUNDLE_IDENTIFIER = com.demo.swiftDemoTests;
				PRODUCT_NAME = "$(TARGET_NAME)";
				TEST_HOST = "$(BUILT_PRODUCTS_DIR)/swiftDemo.app/swiftDemo";
			};
			name = Debug;
		};
		AB5CB6A41C0EC50D006BF3D2 /* Release */ = {
			isa = XCBuildConfiguration;
			buildSettings = {
				BUNDLE_LOADER = "$(TEST_HOST)";
				INFOPLIST_FILE = swiftDemoTests/Info.plist;
				LD_RUNPATH_SEARCH_PATHS = "$(inherited) @executable_path/Frameworks @loader_path/Frameworks";
				PRODUCT_BUNDLE_IDENTIFIER = com.demo.swiftDemoTests;
				PRODUCT_NAME = "$(TARGET_NAME)";
				TEST_HOST = "$(BUILT_PRODUCTS_DIR)/swiftDemo.app/swiftDemo";
			};
			name = Release;
		};
		AB5CB6A61C0EC50D006BF3D2 /* Debug */ = {
			isa = XCBuildConfiguration;
			buildSettings = {
				INFOPLIST_FILE = swiftDemoUITests/Info.plist;
				LD_RUNPATH_SEARCH_PATHS = "$(inherited) @executable_path/Frameworks @loader_path/Frameworks";
				PRODUCT_BUNDLE_IDENTIFIER = com.demo.swiftDemoUITests;
				PRODUCT_NAME = "$(TARGET_NAME)";
				TEST_TARGET_NAME = swiftDemo;
				USES_XCTRUNNER = YES;
			};
			name = Debug;
		};
		AB5CB6A71C0EC50D006BF3D2 /* Release */ = {
			isa = XCBuildConfiguration;
			buildSettings = {
				INFOPLIST_FILE = swiftDemoUITests/Info.plist;
				LD_RUNPATH_SEARCH_PATHS = "$(inherited) @executable_path/Frameworks @loader_path/Frameworks";
				PRODUCT_BUNDLE_IDENTIFIER = com.demo.swiftDemoUITests;
				PRODUCT_NAME = "$(TARGET_NAME)";
				TEST_TARGET_NAME = swiftDemo;
				USES_XCTRUNNER = YES;
			};
			name = Release;
		};
/* End XCBuildConfiguration section */

/* Begin XCConfigurationList section */
		AB5CB66F1C0EC50D006BF3D2 /* Build configuration list for PBXProject "swiftDemo" */ = {
			isa = XCConfigurationList;
			buildConfigurations = (
				AB5CB69D1C0EC50D006BF3D2 /* Debug */,
				AB5CB69E1C0EC50D006BF3D2 /* Release */,
			);
			defaultConfigurationIsVisible = 0;
			defaultConfigurationName = Release;
		};
		AB5CB69F1C0EC50D006BF3D2 /* Build configuration list for PBXNativeTarget "swiftDemo" */ = {
			isa = XCConfigurationList;
			buildConfigurations = (
				AB5CB6A01C0EC50D006BF3D2 /* Debug */,
				AB5CB6A11C0EC50D006BF3D2 /* Release */,
			);
			defaultConfigurationIsVisible = 0;
			defaultConfigurationName = Release;
		};
		AB5CB6A21C0EC50D006BF3D2 /* Build configuration list for PBXNativeTarget "swiftDemoTests" */ = {
			isa = XCConfigurationList;
			buildConfigurations = (
				AB5CB6A31C0EC50D006BF3D2 /* Debug */,
				AB5CB6A41C0EC50D006BF3D2 /* Release */,
			);
			defaultConfigurationIsVisible = 0;
			defaultConfigurationName = Release;
		};
		AB5CB6A51C0EC50D006BF3D2 /* Build configuration list for PBXNativeTarget "swiftDemoUITests" */ = {
			isa = XCConfigurationList;
			buildConfigurations = (
				AB5CB6A61C0EC50D006BF3D2 /* Debug */,
				AB5CB6A71C0EC50D006BF3D2 /* Release */,
			);
			defaultConfigurationIsVisible = 0;
			defaultConfigurationName = Release;
		};
/* End XCConfigurationList section */

/* Begin XCVersionGroup section */
		AB5CB67E1C0EC50D006BF3D2 /* swiftDemo.xcdatamodeld */ = {
			isa = XCVersionGroup;
			children = (
				AB5CB67F1C0EC50D006BF3D2 /* swiftDemo.xcdatamodel */,
			);
			currentVersion = AB5CB67F1C0EC50D006BF3D2 /* swiftDemo.xcdatamodel */;
			path = swiftDemo.xcdatamodeld;
			sourceTree = "<group>";
			versionGroupType = wrapper.xcdatamodel;
		};
/* End XCVersionGroup section */
	};
	rootObject = AB5CB66C1C0EC50D006BF3D2 /* Project object */;
}
